create-config:
  cmd: python -m spacy run create-config
  script:
    - python -m spacy init config --lang en --pipeline ner configs/config.cfg --force
  deps: []
  outs:
    - path: configs/config.cfg
      md5: edc129c73686d45c362a1fe4fc6cbc36
  spacy_version: 3.5.0
  spacy_git_version: Unknown
import-doccano:
  cmd: python -m spacy run import-doccano
  script:
    - python scripts/import_dataset.py 4 assets http://zpp-doccano.herokuapp.com/
    - unzip assets/dataset.zip -d assets/
  deps: []
  outs: []
  spacy_version: 3.5.0
  spacy_git_version: Unknown
convert:
  cmd: python -m spacy run convert
  script:
    - python scripts/convert.py assets/all.jsonl corpus 0.8
  deps:
    - path: assets/all.jsonl
      md5: fafdd4db8220e2249bf4a5513faa502e
    - path: scripts/convert.py
      md5: d54d84f7133494ca9292ebf9450c5e26
  outs:
    - path: corpus/train.spacy
      md5: 95357ea8fb9bbe23a35abc18014838e8
    - path: corpus/dev.spacy
      md5: aa4c7738ad08ef93c92d3d99f1ee9765
  spacy_version: 3.5.0
  spacy_git_version: Unknown
train-base:
  cmd: python -m spacy run train-base
  script:
    - python -m spacy train configs/config.cfg --output training/base/ --paths.logs
      ./logs/ --paths.train corpus/train.spacy --paths.dev corpus/dev.spacy --gpu-id
      0 --code utils/functions.py
  deps:
    - path: configs/config.cfg
      md5: 85bc414f8eedbffa0de8658aef1940ca
    - path: corpus/train.spacy
      md5: e0e1624e3564fca68326b93cb29fad3a
    - path: corpus/dev.spacy
      md5: a41b71043adbeffb7ede0917512d93b6
    - path: utils/functions.py
      md5: f44d62d578d088a75789afdb95fa8370
  outs:
    - path: training/base/model-best
      md5: da7041af79626bb8fff102c3e930ace7
  spacy_version: 3.5.0
  spacy_git_version: Unknown
evaluate-base:
  cmd: python -m spacy run evaluate-base
  script:
    - python -m spacy evaluate training/base/model-best corpus/dev.spacy --output
      training/base/metrics.json
  deps:
    - path: corpus/dev.spacy
      md5: a41b71043adbeffb7ede0917512d93b6
    - path: training/base/model-best
      md5: da7041af79626bb8fff102c3e930ace7
  outs:
    - path: training/base/metrics.json
      md5: ee2c9f67193621da5ea13595874b290b
  spacy_version: 3.5.0
  spacy_git_version: Unknown
train-with-vec:
  cmd: python -m spacy run train-with-vec
  script:
    - python -m spacy train configs/config.cfg --output training/with-vec/ --paths.logs
      ./logs/ --paths.train corpus/train.spacy --paths.dev corpus/dev.spacy --gpu-id
      0 --code utils/functions.py --initialize.vectors pl_core_news_lg --components.tok2vec.model.embed.include_static_vectors
      true
  deps:
    - path: configs/config.cfg
      md5: 85bc414f8eedbffa0de8658aef1940ca
    - path: corpus/train.spacy
      md5: 95357ea8fb9bbe23a35abc18014838e8
    - path: corpus/dev.spacy
      md5: aa4c7738ad08ef93c92d3d99f1ee9765
    - path: utils/functions.py
      md5: f44d62d578d088a75789afdb95fa8370
  outs:
    - path: training/with-vec/model-best
      md5: dec97ca2b140bdd785b0445d00321ce3
  spacy_version: 3.5.0
  spacy_git_version: Unknown
evaluate-with-vec:
  cmd: python -m spacy run evaluate-with-vec
  script:
    - python -m spacy evaluate training/with-vec/model-best corpus/dev.spacy --output
      training/with-vec/metrics.json
  deps:
    - path: corpus/dev.spacy
      md5: aa4c7738ad08ef93c92d3d99f1ee9765
    - path: training/with-vec/model-best
      md5: dec97ca2b140bdd785b0445d00321ce3
  outs:
    - path: training/with-vec/metrics.json
      md5: 0b937c9943ab41bd78c1f51a55cc2dd3
  spacy_version: 3.5.0
  spacy_git_version: Unknown
